// !$*UTF8*$!
{
	archiveVersion = 1;
	classes = {
	};
	objectVersion = 56;
	objects = {

/* Begin PBXBuildFile section */
		62DA1B292ABDC29B004FC2C8 /* AppDelegate.swift in Sources */ = {isa = PBXBuildFile; fileRef = 62DA1B282ABDC29B004FC2C8 /* AppDelegate.swift */; };
		62DA1B2B2ABDC29B004FC2C8 /* SceneDelegate.swift in Sources */ = {isa = PBXBuildFile; fileRef = 62DA1B2A2ABDC29B004FC2C8 /* SceneDelegate.swift */; };
		62DA1B2D2ABDC29B004FC2C8 /* CharactersListViewController.swift in Sources */ = {isa = PBXBuildFile; fileRef = 62DA1B2C2ABDC29B004FC2C8 /* CharactersListViewController.swift */; };
		62DA1B302ABDC29B004FC2C8 /* Main.storyboard in Resources */ = {isa = PBXBuildFile; fileRef = 62DA1B2E2ABDC29B004FC2C8 /* Main.storyboard */; };
		62DA1B322ABDC2A1004FC2C8 /* Assets.xcassets in Resources */ = {isa = PBXBuildFile; fileRef = 62DA1B312ABDC2A1004FC2C8 /* Assets.xcassets */; };
		62DA1B352ABDC2A1004FC2C8 /* LaunchScreen.storyboard in Resources */ = {isa = PBXBuildFile; fileRef = 62DA1B332ABDC2A1004FC2C8 /* LaunchScreen.storyboard */; };
		62DA1B402ABDC2A1004FC2C8 /* ZARAfitTests.swift in Sources */ = {isa = PBXBuildFile; fileRef = 62DA1B3F2ABDC2A1004FC2C8 /* ZARAfitTests.swift */; };
		62DA1B4A2ABDC2A2004FC2C8 /* ZARAfitUITests.swift in Sources */ = {isa = PBXBuildFile; fileRef = 62DA1B492ABDC2A2004FC2C8 /* ZARAfitUITests.swift */; };
		62DA1B4C2ABDC2A2004FC2C8 /* ZARAfitUITestsLaunchTests.swift in Sources */ = {isa = PBXBuildFile; fileRef = 62DA1B4B2ABDC2A2004FC2C8 /* ZARAfitUITestsLaunchTests.swift */; };
		62DA1B5A2ABE09B5004FC2C8 /* Lottie in Frameworks */ = {isa = PBXBuildFile; productRef = 62DA1B592ABE09B5004FC2C8 /* Lottie */; };
		62DA1B5E2ABE12B1004FC2C8 /* animation_lmuxghgn.json in Resources */ = {isa = PBXBuildFile; fileRef = 62DA1B5D2ABE12B1004FC2C8 /* animation_lmuxghgn.json */; };
		62DA1B612ABE21C3004FC2C8 /* CharactersListRouter.swift in Sources */ = {isa = PBXBuildFile; fileRef = 62DA1B602ABE21C3004FC2C8 /* CharactersListRouter.swift */; };
		62DA1B622ABE21C3004FC2C8 /* CharactersListRouter.swift in Sources */ = {isa = PBXBuildFile; fileRef = 62DA1B602ABE21C3004FC2C8 /* CharactersListRouter.swift */; };
		62DA1B632ABE21C3004FC2C8 /* CharactersListRouter.swift in Sources */ = {isa = PBXBuildFile; fileRef = 62DA1B602ABE21C3004FC2C8 /* CharactersListRouter.swift */; };
		62DA1B692ABE2450004FC2C8 /* CharactersListProtocol.swift in Sources */ = {isa = PBXBuildFile; fileRef = 62DA1B682ABE2450004FC2C8 /* CharactersListProtocol.swift */; };
		62DA1B6A2ABE2450004FC2C8 /* CharactersListProtocol.swift in Sources */ = {isa = PBXBuildFile; fileRef = 62DA1B682ABE2450004FC2C8 /* CharactersListProtocol.swift */; };
		62DA1B6B2ABE2450004FC2C8 /* CharactersListProtocol.swift in Sources */ = {isa = PBXBuildFile; fileRef = 62DA1B682ABE2450004FC2C8 /* CharactersListProtocol.swift */; };
		62DA1B6D2ABE265E004FC2C8 /* CharactersListStoryBoard.storyboard in Resources */ = {isa = PBXBuildFile; fileRef = 62DA1B6C2ABE265E004FC2C8 /* CharactersListStoryBoard.storyboard */; };
		62DA1B6F2ABE265E004FC2C8 /* CharactersListStoryBoard.storyboard in Resources */ = {isa = PBXBuildFile; fileRef = 62DA1B6C2ABE265E004FC2C8 /* CharactersListStoryBoard.storyboard */; };
		62DA1B712ABE28B1004FC2C8 /* CharactersListPresenter.swift in Sources */ = {isa = PBXBuildFile; fileRef = 62DA1B702ABE28B1004FC2C8 /* CharactersListPresenter.swift */; };
		62DA1B722ABE28B1004FC2C8 /* CharactersListPresenter.swift in Sources */ = {isa = PBXBuildFile; fileRef = 62DA1B702ABE28B1004FC2C8 /* CharactersListPresenter.swift */; };
		62DA1B732ABE28B1004FC2C8 /* CharactersListPresenter.swift in Sources */ = {isa = PBXBuildFile; fileRef = 62DA1B702ABE28B1004FC2C8 /* CharactersListPresenter.swift */; };
		62DA1B752ABE2990004FC2C8 /* CharactersListInteractor.swift in Sources */ = {isa = PBXBuildFile; fileRef = 62DA1B742ABE2990004FC2C8 /* CharactersListInteractor.swift */; };
		62DA1B762ABE2990004FC2C8 /* CharactersListInteractor.swift in Sources */ = {isa = PBXBuildFile; fileRef = 62DA1B742ABE2990004FC2C8 /* CharactersListInteractor.swift */; };
		62DA1B772ABE2990004FC2C8 /* CharactersListInteractor.swift in Sources */ = {isa = PBXBuildFile; fileRef = 62DA1B742ABE2990004FC2C8 /* CharactersListInteractor.swift */; };
		62DA1B7A2ABE39C8004FC2C8 /* get_schwifty.ttf in Resources */ = {isa = PBXBuildFile; fileRef = 62DA1B792ABE39C7004FC2C8 /* get_schwifty.ttf */; };
		62DA1B7C2ABE39CE004FC2C8 /* get_schwifty.ttf in Resources */ = {isa = PBXBuildFile; fileRef = 62DA1B792ABE39C7004FC2C8 /* get_schwifty.ttf */; };
		62DA1B7F2ABE422E004FC2C8 /* CharacterObjectResponse.swift in Sources */ = {isa = PBXBuildFile; fileRef = 62DA1B7E2ABE422E004FC2C8 /* CharacterObjectResponse.swift */; };
		62DA1B802ABE422E004FC2C8 /* CharacterObjectResponse.swift in Sources */ = {isa = PBXBuildFile; fileRef = 62DA1B7E2ABE422E004FC2C8 /* CharacterObjectResponse.swift */; };
		62DA1B822ABFA1D6004FC2C8 /* ImageLoader.swift in Sources */ = {isa = PBXBuildFile; fileRef = 62DA1B812ABFA1D6004FC2C8 /* ImageLoader.swift */; };
		62DA1B832ABFA1D6004FC2C8 /* ImageLoader.swift in Sources */ = {isa = PBXBuildFile; fileRef = 62DA1B812ABFA1D6004FC2C8 /* ImageLoader.swift */; };
		62DA1B862ABFA404004FC2C8 /* CharactersTableViewCell.swift in Sources */ = {isa = PBXBuildFile; fileRef = 62DA1B852ABFA404004FC2C8 /* CharactersTableViewCell.swift */; };
		62DA1B872ABFA404004FC2C8 /* CharactersTableViewCell.swift in Sources */ = {isa = PBXBuildFile; fileRef = 62DA1B852ABFA404004FC2C8 /* CharactersTableViewCell.swift */; };
		62DA1B912AC0AEAA004FC2C8 /* CharacterDetailViewController.swift in Sources */ = {isa = PBXBuildFile; fileRef = 62DA1B902AC0AEAA004FC2C8 /* CharacterDetailViewController.swift */; };
		62DA1B922AC0AEAA004FC2C8 /* CharacterDetailViewController.swift in Sources */ = {isa = PBXBuildFile; fileRef = 62DA1B902AC0AEAA004FC2C8 /* CharacterDetailViewController.swift */; };
		62DA1B942AC0BF34004FC2C8 /* animation_lmxtsihn.json in Resources */ = {isa = PBXBuildFile; fileRef = 62DA1B932AC0BF34004FC2C8 /* animation_lmxtsihn.json */; };
		62DA1B952AC0BF34004FC2C8 /* animation_lmxtsihn.json in Resources */ = {isa = PBXBuildFile; fileRef = 62DA1B932AC0BF34004FC2C8 /* animation_lmxtsihn.json */; };
		62DA1B972AC0C482004FC2C8 /* animation_lmxum64d.json in Resources */ = {isa = PBXBuildFile; fileRef = 62DA1B962AC0C482004FC2C8 /* animation_lmxum64d.json */; };
		62DA1B982AC0C482004FC2C8 /* animation_lmxum64d.json in Resources */ = {isa = PBXBuildFile; fileRef = 62DA1B962AC0C482004FC2C8 /* animation_lmxum64d.json */; };
		62DA1B9B2AC0D378004FC2C8 /* CommonExtensions.swift in Sources */ = {isa = PBXBuildFile; fileRef = 62DA1B9A2AC0D378004FC2C8 /* CommonExtensions.swift */; };
		62DA1B9C2AC0D378004FC2C8 /* CommonExtensions.swift in Sources */ = {isa = PBXBuildFile; fileRef = 62DA1B9A2AC0D378004FC2C8 /* CommonExtensions.swift */; };
		62DA1B9D2AC0D378004FC2C8 /* CommonExtensions.swift in Sources */ = {isa = PBXBuildFile; fileRef = 62DA1B9A2AC0D378004FC2C8 /* CommonExtensions.swift */; };
/* End PBXBuildFile section */

/* Begin PBXContainerItemProxy section */
		62DA1B3C2ABDC2A1004FC2C8 /* PBXContainerItemProxy */ = {
			isa = PBXContainerItemProxy;
			containerPortal = 62DA1B1D2ABDC29B004FC2C8 /* Project object */;
			proxyType = 1;
			remoteGlobalIDString = 62DA1B242ABDC29B004FC2C8;
			remoteInfo = ZARAfit;
		};
		62DA1B462ABDC2A2004FC2C8 /* PBXContainerItemProxy */ = {
			isa = PBXContainerItemProxy;
			containerPortal = 62DA1B1D2ABDC29B004FC2C8 /* Project object */;
			proxyType = 1;
			remoteGlobalIDString = 62DA1B242ABDC29B004FC2C8;
			remoteInfo = ZARAfit;
		};
/* End PBXContainerItemProxy section */

/* Begin PBXFileReference section */
		62DA1B252ABDC29B004FC2C8 /* ZARAfit.app */ = {isa = PBXFileReference; explicitFileType = wrapper.application; includeInIndex = 0; path = ZARAfit.app; sourceTree = BUILT_PRODUCTS_DIR; };
		62DA1B282ABDC29B004FC2C8 /* AppDelegate.swift */ = {isa = PBXFileReference; lastKnownFileType = sourcecode.swift; path = AppDelegate.swift; sourceTree = "<group>"; };
		62DA1B2A2ABDC29B004FC2C8 /* SceneDelegate.swift */ = {isa = PBXFileReference; lastKnownFileType = sourcecode.swift; path = SceneDelegate.swift; sourceTree = "<group>"; };
		62DA1B2C2ABDC29B004FC2C8 /* CharactersListViewController.swift */ = {isa = PBXFileReference; lastKnownFileType = sourcecode.swift; path = CharactersListViewController.swift; sourceTree = "<group>"; };
		62DA1B2F2ABDC29B004FC2C8 /* Base */ = {isa = PBXFileReference; lastKnownFileType = file.storyboard; name = Base; path = Base.lproj/Main.storyboard; sourceTree = "<group>"; };
		62DA1B312ABDC2A1004FC2C8 /* Assets.xcassets */ = {isa = PBXFileReference; lastKnownFileType = folder.assetcatalog; path = Assets.xcassets; sourceTree = "<group>"; };
		62DA1B342ABDC2A1004FC2C8 /* Base */ = {isa = PBXFileReference; lastKnownFileType = file.storyboard; name = Base; path = Base.lproj/LaunchScreen.storyboard; sourceTree = "<group>"; };
		62DA1B362ABDC2A1004FC2C8 /* Info.plist */ = {isa = PBXFileReference; lastKnownFileType = text.plist.xml; path = Info.plist; sourceTree = "<group>"; };
		62DA1B3B2ABDC2A1004FC2C8 /* ZARAfitTests.xctest */ = {isa = PBXFileReference; explicitFileType = wrapper.cfbundle; includeInIndex = 0; path = ZARAfitTests.xctest; sourceTree = BUILT_PRODUCTS_DIR; };
		62DA1B3F2ABDC2A1004FC2C8 /* ZARAfitTests.swift */ = {isa = PBXFileReference; lastKnownFileType = sourcecode.swift; path = ZARAfitTests.swift; sourceTree = "<group>"; };
		62DA1B452ABDC2A2004FC2C8 /* ZARAfitUITests.xctest */ = {isa = PBXFileReference; explicitFileType = wrapper.cfbundle; includeInIndex = 0; path = ZARAfitUITests.xctest; sourceTree = BUILT_PRODUCTS_DIR; };
		62DA1B492ABDC2A2004FC2C8 /* ZARAfitUITests.swift */ = {isa = PBXFileReference; lastKnownFileType = sourcecode.swift; path = ZARAfitUITests.swift; sourceTree = "<group>"; };
		62DA1B4B2ABDC2A2004FC2C8 /* ZARAfitUITestsLaunchTests.swift */ = {isa = PBXFileReference; lastKnownFileType = sourcecode.swift; path = ZARAfitUITestsLaunchTests.swift; sourceTree = "<group>"; };
		62DA1B5D2ABE12B1004FC2C8 /* animation_lmuxghgn.json */ = {isa = PBXFileReference; fileEncoding = 4; lastKnownFileType = text.json; path = animation_lmuxghgn.json; sourceTree = "<group>"; };
		62DA1B602ABE21C3004FC2C8 /* CharactersListRouter.swift */ = {isa = PBXFileReference; lastKnownFileType = sourcecode.swift; path = CharactersListRouter.swift; sourceTree = "<group>"; };
		62DA1B682ABE2450004FC2C8 /* CharactersListProtocol.swift */ = {isa = PBXFileReference; lastKnownFileType = sourcecode.swift; path = CharactersListProtocol.swift; sourceTree = "<group>"; };
		62DA1B6C2ABE265E004FC2C8 /* CharactersListStoryBoard.storyboard */ = {isa = PBXFileReference; lastKnownFileType = file.storyboard; path = CharactersListStoryBoard.storyboard; sourceTree = "<group>"; };
		62DA1B702ABE28B1004FC2C8 /* CharactersListPresenter.swift */ = {isa = PBXFileReference; lastKnownFileType = sourcecode.swift; path = CharactersListPresenter.swift; sourceTree = "<group>"; };
		62DA1B742ABE2990004FC2C8 /* CharactersListInteractor.swift */ = {isa = PBXFileReference; lastKnownFileType = sourcecode.swift; path = CharactersListInteractor.swift; sourceTree = "<group>"; };
		62DA1B792ABE39C7004FC2C8 /* get_schwifty.ttf */ = {isa = PBXFileReference; lastKnownFileType = file; path = get_schwifty.ttf; sourceTree = "<group>"; };
		62DA1B7E2ABE422E004FC2C8 /* CharacterObjectResponse.swift */ = {isa = PBXFileReference; lastKnownFileType = sourcecode.swift; path = CharacterObjectResponse.swift; sourceTree = "<group>"; };
		62DA1B812ABFA1D6004FC2C8 /* ImageLoader.swift */ = {isa = PBXFileReference; lastKnownFileType = sourcecode.swift; path = ImageLoader.swift; sourceTree = "<group>"; };
		62DA1B852ABFA404004FC2C8 /* CharactersTableViewCell.swift */ = {isa = PBXFileReference; lastKnownFileType = sourcecode.swift; path = CharactersTableViewCell.swift; sourceTree = "<group>"; };
		62DA1B902AC0AEAA004FC2C8 /* CharacterDetailViewController.swift */ = {isa = PBXFileReference; lastKnownFileType = sourcecode.swift; path = CharacterDetailViewController.swift; sourceTree = "<group>"; };
		62DA1B932AC0BF34004FC2C8 /* animation_lmxtsihn.json */ = {isa = PBXFileReference; fileEncoding = 4; lastKnownFileType = text.json; path = animation_lmxtsihn.json; sourceTree = "<group>"; };
		62DA1B962AC0C482004FC2C8 /* animation_lmxum64d.json */ = {isa = PBXFileReference; fileEncoding = 4; lastKnownFileType = text.json; path = animation_lmxum64d.json; sourceTree = "<group>"; };
		62DA1B9A2AC0D378004FC2C8 /* CommonExtensions.swift */ = {isa = PBXFileReference; lastKnownFileType = sourcecode.swift; path = CommonExtensions.swift; sourceTree = "<group>"; };
/* End PBXFileReference section */

/* Begin PBXFrameworksBuildPhase section */
		62DA1B222ABDC29B004FC2C8 /* Frameworks */ = {
			isa = PBXFrameworksBuildPhase;
			buildActionMask = 2147483647;
			files = (
				62DA1B5A2ABE09B5004FC2C8 /* Lottie in Frameworks */,
			);
			runOnlyForDeploymentPostprocessing = 0;
		};
		62DA1B382ABDC2A1004FC2C8 /* Frameworks */ = {
			isa = PBXFrameworksBuildPhase;
			buildActionMask = 2147483647;
			files = (
			);
			runOnlyForDeploymentPostprocessing = 0;
		};
		62DA1B422ABDC2A2004FC2C8 /* Frameworks */ = {
			isa = PBXFrameworksBuildPhase;
			buildActionMask = 2147483647;
			files = (
			);
			runOnlyForDeploymentPostprocessing = 0;
		};
/* End PBXFrameworksBuildPhase section */

/* Begin PBXGroup section */
		62DA1B1C2ABDC29B004FC2C8 = {
			isa = PBXGroup;
			children = (
				62DA1B272ABDC29B004FC2C8 /* ZARAfit */,
				62DA1B3E2ABDC2A1004FC2C8 /* ZARAfitTests */,
				62DA1B482ABDC2A2004FC2C8 /* ZARAfitUITests */,
				62DA1B262ABDC29B004FC2C8 /* Products */,
			);
			sourceTree = "<group>";
		};
		62DA1B262ABDC29B004FC2C8 /* Products */ = {
			isa = PBXGroup;
			children = (
				62DA1B252ABDC29B004FC2C8 /* ZARAfit.app */,
				62DA1B3B2ABDC2A1004FC2C8 /* ZARAfitTests.xctest */,
				62DA1B452ABDC2A2004FC2C8 /* ZARAfitUITests.xctest */,
			);
			name = Products;
			sourceTree = "<group>";
		};
		62DA1B272ABDC29B004FC2C8 /* ZARAfit */ = {
			isa = PBXGroup;
			children = (
				62DA1B362ABDC2A1004FC2C8 /* Info.plist */,
				62DA1B5F2ABE205D004FC2C8 /* SupportingFiles */,
				62DA1B642ABE21FB004FC2C8 /* Modules */,
				62DA1B992AC0D34E004FC2C8 /* Extensions */,
				62DA1B652ABE235A004FC2C8 /* Resources */,
			);
			path = ZARAfit;
			sourceTree = "<group>";
		};
		62DA1B3E2ABDC2A1004FC2C8 /* ZARAfitTests */ = {
			isa = PBXGroup;
			children = (
				62DA1B3F2ABDC2A1004FC2C8 /* ZARAfitTests.swift */,
			);
			path = ZARAfitTests;
			sourceTree = "<group>";
		};
		62DA1B482ABDC2A2004FC2C8 /* ZARAfitUITests */ = {
			isa = PBXGroup;
			children = (
				62DA1B492ABDC2A2004FC2C8 /* ZARAfitUITests.swift */,
				62DA1B4B2ABDC2A2004FC2C8 /* ZARAfitUITestsLaunchTests.swift */,
			);
			path = ZARAfitUITests;
			sourceTree = "<group>";
		};
		62DA1B5F2ABE205D004FC2C8 /* SupportingFiles */ = {
			isa = PBXGroup;
			children = (
				62DA1B2E2ABDC29B004FC2C8 /* Main.storyboard */,
				62DA1B332ABDC2A1004FC2C8 /* LaunchScreen.storyboard */,
				62DA1B282ABDC29B004FC2C8 /* AppDelegate.swift */,
				62DA1B2A2ABDC29B004FC2C8 /* SceneDelegate.swift */,
				62DA1B812ABFA1D6004FC2C8 /* ImageLoader.swift */,
			);
			path = SupportingFiles;
			sourceTree = "<group>";
		};
		62DA1B642ABE21FB004FC2C8 /* Modules */ = {
			isa = PBXGroup;
			children = (
				62DA1B662ABE2387004FC2C8 /* CharactersList */,
				62DA1B8B2ABFC277004FC2C8 /* CharacterDetail */,
			);
			path = Modules;
			sourceTree = "<group>";
		};
		62DA1B652ABE235A004FC2C8 /* Resources */ = {
			isa = PBXGroup;
			children = (
				62DA1B782ABE39B0004FC2C8 /* Fonts */,
				62DA1B672ABE23AD004FC2C8 /* LottieAnimations */,
				62DA1B312ABDC2A1004FC2C8 /* Assets.xcassets */,
			);
			path = Resources;
			sourceTree = "<group>";
		};
		62DA1B662ABE2387004FC2C8 /* CharactersList */ = {
			isa = PBXGroup;
			children = (
				62DA1B842ABFA3E6004FC2C8 /* cell */,
				62DA1B7D2ABE4204004FC2C8 /* Entities */,
				62DA1B682ABE2450004FC2C8 /* CharactersListProtocol.swift */,
				62DA1B602ABE21C3004FC2C8 /* CharactersListRouter.swift */,
				62DA1B702ABE28B1004FC2C8 /* CharactersListPresenter.swift */,
				62DA1B2C2ABDC29B004FC2C8 /* CharactersListViewController.swift */,
				62DA1B6C2ABE265E004FC2C8 /* CharactersListStoryBoard.storyboard */,
				62DA1B742ABE2990004FC2C8 /* CharactersListInteractor.swift */,
			);
			path = CharactersList;
			sourceTree = "<group>";
		};
		62DA1B672ABE23AD004FC2C8 /* LottieAnimations */ = {
			isa = PBXGroup;
			children = (
				62DA1B962AC0C482004FC2C8 /* animation_lmxum64d.json */,
				62DA1B932AC0BF34004FC2C8 /* animation_lmxtsihn.json */,
				62DA1B5D2ABE12B1004FC2C8 /* animation_lmuxghgn.json */,
			);
			path = LottieAnimations;
			sourceTree = "<group>";
		};
		62DA1B782ABE39B0004FC2C8 /* Fonts */ = {
			isa = PBXGroup;
			children = (
				62DA1B792ABE39C7004FC2C8 /* get_schwifty.ttf */,
			);
			path = Fonts;
			sourceTree = "<group>";
		};
		62DA1B7D2ABE4204004FC2C8 /* Entities */ = {
			isa = PBXGroup;
			children = (
				62DA1B7E2ABE422E004FC2C8 /* CharacterObjectResponse.swift */,
			);
			path = Entities;
			sourceTree = "<group>";
		};
		62DA1B842ABFA3E6004FC2C8 /* cell */ = {
			isa = PBXGroup;
			children = (
				62DA1B852ABFA404004FC2C8 /* CharactersTableViewCell.swift */,
			);
			path = cell;
			sourceTree = "<group>";
		};
		62DA1B8B2ABFC277004FC2C8 /* CharacterDetail */ = {
			isa = PBXGroup;
			children = (
				62DA1B902AC0AEAA004FC2C8 /* CharacterDetailViewController.swift */,
			);
			path = CharacterDetail;
			sourceTree = "<group>";
		};
		62DA1B992AC0D34E004FC2C8 /* Extensions */ = {
			isa = PBXGroup;
			children = (
				62DA1B9A2AC0D378004FC2C8 /* CommonExtensions.swift */,
			);
			path = Extensions;
			sourceTree = "<group>";
		};
/* End PBXGroup section */

/* Begin PBXNativeTarget section */
		62DA1B242ABDC29B004FC2C8 /* ZARAfit */ = {
			isa = PBXNativeTarget;
			buildConfigurationList = 62DA1B4F2ABDC2A2004FC2C8 /* Build configuration list for PBXNativeTarget "ZARAfit" */;
			buildPhases = (
				62DA1B212ABDC29B004FC2C8 /* Sources */,
				62DA1B222ABDC29B004FC2C8 /* Frameworks */,
				62DA1B232ABDC29B004FC2C8 /* Resources */,
			);
			buildRules = (
			);
			dependencies = (
			);
			name = ZARAfit;
			packageProductDependencies = (
				62DA1B592ABE09B5004FC2C8 /* Lottie */,
			);
			productName = ZARAfit;
			productReference = 62DA1B252ABDC29B004FC2C8 /* ZARAfit.app */;
			productType = "com.apple.product-type.application";
		};
		62DA1B3A2ABDC2A1004FC2C8 /* ZARAfitTests */ = {
			isa = PBXNativeTarget;
			buildConfigurationList = 62DA1B522ABDC2A2004FC2C8 /* Build configuration list for PBXNativeTarget "ZARAfitTests" */;
			buildPhases = (
				62DA1B372ABDC2A1004FC2C8 /* Sources */,
				62DA1B382ABDC2A1004FC2C8 /* Frameworks */,
				62DA1B392ABDC2A1004FC2C8 /* Resources */,
			);
			buildRules = (
			);
			dependencies = (
				62DA1B3D2ABDC2A1004FC2C8 /* PBXTargetDependency */,
			);
			name = ZARAfitTests;
			productName = ZARAfitTests;
			productReference = 62DA1B3B2ABDC2A1004FC2C8 /* ZARAfitTests.xctest */;
			productType = "com.apple.product-type.bundle.unit-test";
		};
		62DA1B442ABDC2A2004FC2C8 /* ZARAfitUITests */ = {
			isa = PBXNativeTarget;
			buildConfigurationList = 62DA1B552ABDC2A2004FC2C8 /* Build configuration list for PBXNativeTarget "ZARAfitUITests" */;
			buildPhases = (
				62DA1B412ABDC2A2004FC2C8 /* Sources */,
				62DA1B422ABDC2A2004FC2C8 /* Frameworks */,
				62DA1B432ABDC2A2004FC2C8 /* Resources */,
			);
			buildRules = (
			);
			dependencies = (
				62DA1B472ABDC2A2004FC2C8 /* PBXTargetDependency */,
			);
			name = ZARAfitUITests;
			productName = ZARAfitUITests;
			productReference = 62DA1B452ABDC2A2004FC2C8 /* ZARAfitUITests.xctest */;
			productType = "com.apple.product-type.bundle.ui-testing";
		};
/* End PBXNativeTarget section */

/* Begin PBXProject section */
		62DA1B1D2ABDC29B004FC2C8 /* Project object */ = {
			isa = PBXProject;
			attributes = {
				BuildIndependentTargetsInParallel = 1;
				LastSwiftUpdateCheck = 1420;
				LastUpgradeCheck = 1420;
				TargetAttributes = {
					62DA1B242ABDC29B004FC2C8 = {
						CreatedOnToolsVersion = 14.2;
					};
					62DA1B3A2ABDC2A1004FC2C8 = {
						CreatedOnToolsVersion = 14.2;
						TestTargetID = 62DA1B242ABDC29B004FC2C8;
					};
					62DA1B442ABDC2A2004FC2C8 = {
						CreatedOnToolsVersion = 14.2;
						TestTargetID = 62DA1B242ABDC29B004FC2C8;
					};
				};
			};
			buildConfigurationList = 62DA1B202ABDC29B004FC2C8 /* Build configuration list for PBXProject "ZARAfit" */;
			compatibilityVersion = "Xcode 14.0";
			developmentRegion = en;
			hasScannedForEncodings = 0;
			knownRegions = (
				en,
				Base,
			);
			mainGroup = 62DA1B1C2ABDC29B004FC2C8;
			packageReferences = (
				62DA1B582ABE09B5004FC2C8 /* XCRemoteSwiftPackageReference "lottie-spm" */,
			);
			productRefGroup = 62DA1B262ABDC29B004FC2C8 /* Products */;
			projectDirPath = "";
			projectRoot = "";
			targets = (
				62DA1B242ABDC29B004FC2C8 /* ZARAfit */,
				62DA1B3A2ABDC2A1004FC2C8 /* ZARAfitTests */,
				62DA1B442ABDC2A2004FC2C8 /* ZARAfitUITests */,
			);
		};
/* End PBXProject section */

/* Begin PBXResourcesBuildPhase section */
		62DA1B232ABDC29B004FC2C8 /* Resources */ = {
			isa = PBXResourcesBuildPhase;
			buildActionMask = 2147483647;
			files = (
				62DA1B5E2ABE12B1004FC2C8 /* animation_lmuxghgn.json in Resources */,
				62DA1B352ABDC2A1004FC2C8 /* LaunchScreen.storyboard in Resources */,
				62DA1B322ABDC2A1004FC2C8 /* Assets.xcassets in Resources */,
				62DA1B302ABDC29B004FC2C8 /* Main.storyboard in Resources */,
				62DA1B7A2ABE39C8004FC2C8 /* get_schwifty.ttf in Resources */,
				62DA1B6D2ABE265E004FC2C8 /* CharactersListStoryBoard.storyboard in Resources */,
				62DA1B942AC0BF34004FC2C8 /* animation_lmxtsihn.json in Resources */,
				62DA1B972AC0C482004FC2C8 /* animation_lmxum64d.json in Resources */,
			);
			runOnlyForDeploymentPostprocessing = 0;
		};
		62DA1B392ABDC2A1004FC2C8 /* Resources */ = {
			isa = PBXResourcesBuildPhase;
			buildActionMask = 2147483647;
			files = (
				62DA1B952AC0BF34004FC2C8 /* animation_lmxtsihn.json in Resources */,
				62DA1B982AC0C482004FC2C8 /* animation_lmxum64d.json in Resources */,
			);
			runOnlyForDeploymentPostprocessing = 0;
		};
		62DA1B432ABDC2A2004FC2C8 /* Resources */ = {
			isa = PBXResourcesBuildPhase;
			buildActionMask = 2147483647;
			files = (
				62DA1B7C2ABE39CE004FC2C8 /* get_schwifty.ttf in Resources */,
				62DA1B6F2ABE265E004FC2C8 /* CharactersListStoryBoard.storyboard in Resources */,
			);
			runOnlyForDeploymentPostprocessing = 0;
		};
/* End PBXResourcesBuildPhase section */

/* Begin PBXSourcesBuildPhase section */
		62DA1B212ABDC29B004FC2C8 /* Sources */ = {
			isa = PBXSourcesBuildPhase;
			buildActionMask = 2147483647;
			files = (
				62DA1B912AC0AEAA004FC2C8 /* CharacterDetailViewController.swift in Sources */,
				62DA1B2D2ABDC29B004FC2C8 /* CharactersListViewController.swift in Sources */,
				62DA1B292ABDC29B004FC2C8 /* AppDelegate.swift in Sources */,
				62DA1B712ABE28B1004FC2C8 /* CharactersListPresenter.swift in Sources */,
				62DA1B862ABFA404004FC2C8 /* CharactersTableViewCell.swift in Sources */,
				62DA1B752ABE2990004FC2C8 /* CharactersListInteractor.swift in Sources */,
				62DA1B7F2ABE422E004FC2C8 /* CharacterObjectResponse.swift in Sources */,
				62DA1B822ABFA1D6004FC2C8 /* ImageLoader.swift in Sources */,
				62DA1B692ABE2450004FC2C8 /* CharactersListProtocol.swift in Sources */,
				62DA1B612ABE21C3004FC2C8 /* CharactersListRouter.swift in Sources */,
				62DA1B9B2AC0D378004FC2C8 /* CommonExtensions.swift in Sources */,
				62DA1B2B2ABDC29B004FC2C8 /* SceneDelegate.swift in Sources */,
			);
			runOnlyForDeploymentPostprocessing = 0;
		};
		62DA1B372ABDC2A1004FC2C8 /* Sources */ = {
			isa = PBXSourcesBuildPhase;
			buildActionMask = 2147483647;
			files = (
				62DA1B9C2AC0D378004FC2C8 /* CommonExtensions.swift in Sources */,
				62DA1B832ABFA1D6004FC2C8 /* ImageLoader.swift in Sources */,
				62DA1B722ABE28B1004FC2C8 /* CharactersListPresenter.swift in Sources */,
				62DA1B622ABE21C3004FC2C8 /* CharactersListRouter.swift in Sources */,
				62DA1B872ABFA404004FC2C8 /* CharactersTableViewCell.swift in Sources */,
				62DA1B6A2ABE2450004FC2C8 /* CharactersListProtocol.swift in Sources */,
				62DA1B762ABE2990004FC2C8 /* CharactersListInteractor.swift in Sources */,
				62DA1B802ABE422E004FC2C8 /* CharacterObjectResponse.swift in Sources */,
				62DA1B922AC0AEAA004FC2C8 /* CharacterDetailViewController.swift in Sources */,
				62DA1B402ABDC2A1004FC2C8 /* ZARAfitTests.swift in Sources */,
			);
			runOnlyForDeploymentPostprocessing = 0;
		};
		62DA1B412ABDC2A2004FC2C8 /* Sources */ = {
			isa = PBXSourcesBuildPhase;
			buildActionMask = 2147483647;
			files = (
				62DA1B772ABE2990004FC2C8 /* CharactersListInteractor.swift in Sources */,
				62DA1B732ABE28B1004FC2C8 /* CharactersListPresenter.swift in Sources */,
				62DA1B4C2ABDC2A2004FC2C8 /* ZARAfitUITestsLaunchTests.swift in Sources */,
				62DA1B6B2ABE2450004FC2C8 /* CharactersListProtocol.swift in Sources */,
				62DA1B4A2ABDC2A2004FC2C8 /* ZARAfitUITests.swift in Sources */,
				62DA1B632ABE21C3004FC2C8 /* CharactersListRouter.swift in Sources */,
				62DA1B9D2AC0D378004FC2C8 /* CommonExtensions.swift in Sources */,
			);
			runOnlyForDeploymentPostprocessing = 0;
		};
/* End PBXSourcesBuildPhase section */

/* Begin PBXTargetDependency section */
		62DA1B3D2ABDC2A1004FC2C8 /* PBXTargetDependency */ = {
			isa = PBXTargetDependency;
			target = 62DA1B242ABDC29B004FC2C8 /* ZARAfit */;
			targetProxy = 62DA1B3C2ABDC2A1004FC2C8 /* PBXContainerItemProxy */;
		};
		62DA1B472ABDC2A2004FC2C8 /* PBXTargetDependency */ = {
			isa = PBXTargetDependency;
			target = 62DA1B242ABDC29B004FC2C8 /* ZARAfit */;
			targetProxy = 62DA1B462ABDC2A2004FC2C8 /* PBXContainerItemProxy */;
		};
/* End PBXTargetDependency section */

/* Begin PBXVariantGroup section */
		62DA1B2E2ABDC29B004FC2C8 /* Main.storyboard */ = {
			isa = PBXVariantGroup;
			children = (
				62DA1B2F2ABDC29B004FC2C8 /* Base */,
			);
			name = Main.storyboard;
			sourceTree = "<group>";
		};
		62DA1B332ABDC2A1004FC2C8 /* LaunchScreen.storyboard */ = {
			isa = PBXVariantGroup;
			children = (
				62DA1B342ABDC2A1004FC2C8 /* Base */,
			);
			name = LaunchScreen.storyboard;
			sourceTree = "<group>";
		};
/* End PBXVariantGroup section */

/* Begin XCBuildConfiguration section */
		62DA1B4D2ABDC2A2004FC2C8 /* Debug */ = {
			isa = XCBuildConfiguration;
			buildSettings = {
				ALWAYS_SEARCH_USER_PATHS = NO;
				CLANG_ANALYZER_NONNULL = YES;
				CLANG_ANALYZER_NUMBER_OBJECT_CONVERSION = YES_AGGRESSIVE;
				CLANG_CXX_LANGUAGE_STANDARD = "gnu++20";
				CLANG_ENABLE_MODULES = YES;
				CLANG_ENABLE_OBJC_ARC = YES;
				CLANG_ENABLE_OBJC_WEAK = YES;
				CLANG_WARN_BLOCK_CAPTURE_AUTORELEASING = YES;
				CLANG_WARN_BOOL_CONVERSION = YES;
				CLANG_WARN_COMMA = YES;
				CLANG_WARN_CONSTANT_CONVERSION = YES;
				CLANG_WARN_DEPRECATED_OBJC_IMPLEMENTATIONS = YES;
				CLANG_WARN_DIRECT_OBJC_ISA_USAGE = YES_ERROR;
				CLANG_WARN_DOCUMENTATION_COMMENTS = YES;
				CLANG_WARN_EMPTY_BODY = YES;
				CLANG_WARN_ENUM_CONVERSION = YES;
				CLANG_WARN_INFINITE_RECURSION = YES;
				CLANG_WARN_INT_CONVERSION = YES;
				CLANG_WARN_NON_LITERAL_NULL_CONVERSION = YES;
				CLANG_WARN_OBJC_IMPLICIT_RETAIN_SELF = YES;
				CLANG_WARN_OBJC_LITERAL_CONVERSION = YES;
				CLANG_WARN_OBJC_ROOT_CLASS = YES_ERROR;
				CLANG_WARN_QUOTED_INCLUDE_IN_FRAMEWORK_HEADER = YES;
				CLANG_WARN_RANGE_LOOP_ANALYSIS = YES;
				CLANG_WARN_STRICT_PROTOTYPES = YES;
				CLANG_WARN_SUSPICIOUS_MOVE = YES;
				CLANG_WARN_UNGUARDED_AVAILABILITY = YES_AGGRESSIVE;
				CLANG_WARN_UNREACHABLE_CODE = YES;
				CLANG_WARN__DUPLICATE_METHOD_MATCH = YES;
				COPY_PHASE_STRIP = NO;
				DEBUG_INFORMATION_FORMAT = dwarf;
				ENABLE_STRICT_OBJC_MSGSEND = YES;
				ENABLE_TESTABILITY = YES;
				GCC_C_LANGUAGE_STANDARD = gnu11;
				GCC_DYNAMIC_NO_PIC = NO;
				GCC_NO_COMMON_BLOCKS = YES;
				GCC_OPTIMIZATION_LEVEL = 0;
				GCC_PREPROCESSOR_DEFINITIONS = (
					"DEBUG=1",
					"$(inherited)",
				);
				GCC_WARN_64_TO_32_BIT_CONVERSION = YES;
				GCC_WARN_ABOUT_RETURN_TYPE = YES_ERROR;
				GCC_WARN_UNDECLARED_SELECTOR = YES;
				GCC_WARN_UNINITIALIZED_AUTOS = YES_AGGRESSIVE;
				GCC_WARN_UNUSED_FUNCTION = YES;
				GCC_WARN_UNUSED_VARIABLE = YES;
				IPHONEOS_DEPLOYMENT_TARGET = 16.2;
				MTL_ENABLE_DEBUG_INFO = INCLUDE_SOURCE;
				MTL_FAST_MATH = YES;
				ONLY_ACTIVE_ARCH = YES;
				SDKROOT = iphoneos;
				SWIFT_ACTIVE_COMPILATION_CONDITIONS = DEBUG;
				SWIFT_OPTIMIZATION_LEVEL = "-Onone";
			};
			name = Debug;
		};
		62DA1B4E2ABDC2A2004FC2C8 /* Release */ = {
			isa = XCBuildConfiguration;
			buildSettings = {
				ALWAYS_SEARCH_USER_PATHS = NO;
				CLANG_ANALYZER_NONNULL = YES;
				CLANG_ANALYZER_NUMBER_OBJECT_CONVERSION = YES_AGGRESSIVE;
				CLANG_CXX_LANGUAGE_STANDARD = "gnu++20";
				CLANG_ENABLE_MODULES = YES;
				CLANG_ENABLE_OBJC_ARC = YES;
				CLANG_ENABLE_OBJC_WEAK = YES;
				CLANG_WARN_BLOCK_CAPTURE_AUTORELEASING = YES;
				CLANG_WARN_BOOL_CONVERSION = YES;
				CLANG_WARN_COMMA = YES;
				CLANG_WARN_CONSTANT_CONVERSION = YES;
				CLANG_WARN_DEPRECATED_OBJC_IMPLEMENTATIONS = YES;
				CLANG_WARN_DIRECT_OBJC_ISA_USAGE = YES_ERROR;
				CLANG_WARN_DOCUMENTATION_COMMENTS = YES;
				CLANG_WARN_EMPTY_BODY = YES;
				CLANG_WARN_ENUM_CONVERSION = YES;
				CLANG_WARN_INFINITE_RECURSION = YES;
				CLANG_WARN_INT_CONVERSION = YES;
				CLANG_WARN_NON_LITERAL_NULL_CONVERSION = YES;
				CLANG_WARN_OBJC_IMPLICIT_RETAIN_SELF = YES;
				CLANG_WARN_OBJC_LITERAL_CONVERSION = YES;
				CLANG_WARN_OBJC_ROOT_CLASS = YES_ERROR;
				CLANG_WARN_QUOTED_INCLUDE_IN_FRAMEWORK_HEADER = YES;
				CLANG_WARN_RANGE_LOOP_ANALYSIS = YES;
				CLANG_WARN_STRICT_PROTOTYPES = YES;
				CLANG_WARN_SUSPICIOUS_MOVE = YES;
				CLANG_WARN_UNGUARDED_AVAILABILITY = YES_AGGRESSIVE;
				CLANG_WARN_UNREACHABLE_CODE = YES;
				CLANG_WARN__DUPLICATE_METHOD_MATCH = YES;
				COPY_PHASE_STRIP = NO;
				DEBUG_INFORMATION_FORMAT = "dwarf-with-dsym";
				ENABLE_NS_ASSERTIONS = NO;
				ENABLE_STRICT_OBJC_MSGSEND = YES;
				GCC_C_LANGUAGE_STANDARD = gnu11;
				GCC_NO_COMMON_BLOCKS = YES;
				GCC_WARN_64_TO_32_BIT_CONVERSION = YES;
				GCC_WARN_ABOUT_RETURN_TYPE = YES_ERROR;
				GCC_WARN_UNDECLARED_SELECTOR = YES;
				GCC_WARN_UNINITIALIZED_AUTOS = YES_AGGRESSIVE;
				GCC_WARN_UNUSED_FUNCTION = YES;
				GCC_WARN_UNUSED_VARIABLE = YES;
				IPHONEOS_DEPLOYMENT_TARGET = 16.2;
				MTL_ENABLE_DEBUG_INFO = NO;
				MTL_FAST_MATH = YES;
				SDKROOT = iphoneos;
				SWIFT_COMPILATION_MODE = wholemodule;
				SWIFT_OPTIMIZATION_LEVEL = "-O";
				VALIDATE_PRODUCT = YES;
			};
			name = Release;
		};
		62DA1B502ABDC2A2004FC2C8 /* Debug */ = {
			isa = XCBuildConfiguration;
			buildSettings = {
				ASSETCATALOG_COMPILER_APPICON_NAME = AppIcon;
				ASSETCATALOG_COMPILER_GLOBAL_ACCENT_COLOR_NAME = AccentColor;
				CODE_SIGN_STYLE = Automatic;
				CURRENT_PROJECT_VERSION = 1;
				GENERATE_INFOPLIST_FILE = YES;
				INFOPLIST_FILE = ZARAfit/Info.plist;
				INFOPLIST_KEY_UIApplicationSupportsIndirectInputEvents = YES;
				INFOPLIST_KEY_UILaunchStoryboardName = LaunchScreen;
				INFOPLIST_KEY_UIMainStoryboardFile = Main;
				INFOPLIST_KEY_UISupportedInterfaceOrientations_iPad = "UIInterfaceOrientationPortrait UIInterfaceOrientationPortraitUpsideDown UIInterfaceOrientationLandscapeLeft UIInterfaceOrientationLandscapeRight";
				INFOPLIST_KEY_UISupportedInterfaceOrientations_iPhone = "UIInterfaceOrientationPortrait UIInterfaceOrientationLandscapeLeft UIInterfaceOrientationLandscapeRight";
				LD_RUNPATH_SEARCH_PATHS = (
					"$(inherited)",
					"@executable_path/Frameworks",
				);
				MARKETING_VERSION = 1.0;
				PRODUCT_BUNDLE_IDENTIFIER = com.davit.ortiz.ZARAfit;
				PRODUCT_NAME = "$(TARGET_NAME)";
				SWIFT_EMIT_LOC_STRINGS = YES;
				SWIFT_VERSION = 5.0;
				TARGETED_DEVICE_FAMILY = "1,2";
			};
			name = Debug;
		};
		62DA1B512ABDC2A2004FC2C8 /* Release */ = {
			isa = XCBuildConfiguration;
			buildSettings = {
				ASSETCATALOG_COMPILER_APPICON_NAME = AppIcon;
				ASSETCATALOG_COMPILER_GLOBAL_ACCENT_COLOR_NAME = AccentColor;
				CODE_SIGN_STYLE = Automatic;
				CURRENT_PROJECT_VERSION = 1;
				GENERATE_INFOPLIST_FILE = YES;
				INFOPLIST_FILE = ZARAfit/Info.plist;
				INFOPLIST_KEY_UIApplicationSupportsIndirectInputEvents = YES;
				INFOPLIST_KEY_UILaunchStoryboardName = LaunchScreen;
				INFOPLIST_KEY_UIMainStoryboardFile = Main;
				INFOPLIST_KEY_UISupportedInterfaceOrientations_iPad = "UIInterfaceOrientationPortrait UIInterfaceOrientationPortraitUpsideDown UIInterfaceOrientationLandscapeLeft UIInterfaceOrientationLandscapeRight";
				INFOPLIST_KEY_UISupportedInterfaceOrientations_iPhone = "UIInterfaceOrientationPortrait UIInterfaceOrientationLandscapeLeft UIInterfaceOrientationLandscapeRight";
				LD_RUNPATH_SEARCH_PATHS = (
					"$(inherited)",
					"@executable_path/Frameworks",
				);
				MARKETING_VERSION = 1.0;
				PRODUCT_BUNDLE_IDENTIFIER = com.davit.ortiz.ZARAfit;
				PRODUCT_NAME = "$(TARGET_NAME)";
				SWIFT_EMIT_LOC_STRINGS = YES;
				SWIFT_VERSION = 5.0;
				TARGETED_DEVICE_FAMILY = "1,2";
			};
			name = Release;
		};
		62DA1B532ABDC2A2004FC2C8 /* Debug */ = {
			isa = XCBuildConfiguration;
			buildSettings = {
				ALWAYS_EMBED_SWIFT_STANDARD_LIBRARIES = YES;
				BUNDLE_LOADER = "$(TEST_HOST)";
				CODE_SIGN_STYLE = Automatic;
				CURRENT_PROJECT_VERSION = 1;
				GENERATE_INFOPLIST_FILE = YES;
				IPHONEOS_DEPLOYMENT_TARGET = 16.2;
				MARKETING_VERSION = 1.0;
				PRODUCT_BUNDLE_IDENTIFIER = com.davit.ortiz.ZARAfitTests;
				PRODUCT_NAME = "$(TARGET_NAME)";
				SWIFT_EMIT_LOC_STRINGS = NO;
				SWIFT_VERSION = 5.0;
				TARGETED_DEVICE_FAMILY = "1,2";
				TEST_HOST = "$(BUILT_PRODUCTS_DIR)/ZARAfit.app/$(BUNDLE_EXECUTABLE_FOLDER_PATH)/ZARAfit";
			};
			name = Debug;
		};
		62DA1B542ABDC2A2004FC2C8 /* Release */ = {
			isa = XCBuildConfiguration;
			buildSettings = {
				ALWAYS_EMBED_SWIFT_STANDARD_LIBRARIES = YES;
				BUNDLE_LOADER = "$(TEST_HOST)";
				CODE_SIGN_STYLE = Automatic;
				CURRENT_PROJECT_VERSION = 1;
				GENERATE_INFOPLIST_FILE = YES;
				IPHONEOS_DEPLOYMENT_TARGET = 16.2;
				MARKETING_VERSION = 1.0;
				PRODUCT_BUNDLE_IDENTIFIER = com.davit.ortiz.ZARAfitTests;
				PRODUCT_NAME = "$(TARGET_NAME)";
				SWIFT_EMIT_LOC_STRINGS = NO;
				SWIFT_VERSION = 5.0;
				TARGETED_DEVICE_FAMILY = "1,2";
				TEST_HOST = "$(BUILT_PRODUCTS_DIR)/ZARAfit.app/$(BUNDLE_EXECUTABLE_FOLDER_PATH)/ZARAfit";
			};
			name = Release;
		};
		62DA1B562ABDC2A2004FC2C8 /* Debug */ = {
			isa = XCBuildConfiguration;
			buildSettings = {
				ALWAYS_EMBED_SWIFT_STANDARD_LIBRARIES = YES;
				CODE_SIGN_STYLE = Automatic;
				CURRENT_PROJECT_VERSION = 1;
				GENERATE_INFOPLIST_FILE = YES;
				MARKETING_VERSION = 1.0;
				PRODUCT_BUNDLE_IDENTIFIER = com.davit.ortiz.ZARAfitUITests;
				PRODUCT_NAME = "$(TARGET_NAME)";
				SWIFT_EMIT_LOC_STRINGS = NO;
				SWIFT_VERSION = 5.0;
				TARGETED_DEVICE_FAMILY = "1,2";
				TEST_TARGET_NAME = ZARAfit;
			};
			name = Debug;
		};
		62DA1B572ABDC2A2004FC2C8 /* Release */ = {
			isa = XCBuildConfiguration;
			buildSettings = {
				ALWAYS_EMBED_SWIFT_STANDARD_LIBRARIES = YES;
				CODE_SIGN_STYLE = Automatic;
				CURRENT_PROJECT_VERSION = 1;
				GENERATE_INFOPLIST_FILE = YES;
				MARKETING_VERSION = 1.0;
				PRODUCT_BUNDLE_IDENTIFIER = com.davit.ortiz.ZARAfitUITests;
				PRODUCT_NAME = "$(TARGET_NAME)";
				SWIFT_EMIT_LOC_STRINGS = NO;
				SWIFT_VERSION = 5.0;
				TARGETED_DEVICE_FAMILY = "1,2";
				TEST_TARGET_NAME = ZARAfit;
			};
			name = Release;
		};
/* End XCBuildConfiguration section */

/* Begin XCConfigurationList section */
		62DA1B202ABDC29B004FC2C8 /* Build configuration list for PBXProject "ZARAfit" */ = {
			isa = XCConfigurationList;
			buildConfigurations = (
				62DA1B4D2ABDC2A2004FC2C8 /* Debug */,
				62DA1B4E2ABDC2A2004FC2C8 /* Release */,
			);
			defaultConfigurationIsVisible = 0;
			defaultConfigurationName = Release;
		};
		62DA1B4F2ABDC2A2004FC2C8 /* Build configuration list for PBXNativeTarget "ZARAfit" */ = {
			isa = XCConfigurationList;
			buildConfigurations = (
				62DA1B502ABDC2A2004FC2C8 /* Debug */,
				62DA1B512ABDC2A2004FC2C8 /* Release */,
			);
			defaultConfigurationIsVisible = 0;
			defaultConfigurationName = Release;
		};
		62DA1B522ABDC2A2004FC2C8 /* Build configuration list for PBXNativeTarget "ZARAfitTests" */ = {
			isa = XCConfigurationList;
			buildConfigurations = (
				62DA1B532ABDC2A2004FC2C8 /* Debug */,
				62DA1B542ABDC2A2004FC2C8 /* Release */,
			);
			defaultConfigurationIsVisible = 0;
			defaultConfigurationName = Release;
		};
		62DA1B552ABDC2A2004FC2C8 /* Build configuration list for PBXNativeTarget "ZARAfitUITests" */ = {
			isa = XCConfigurationList;
			buildConfigurations = (
				62DA1B562ABDC2A2004FC2C8 /* Debug */,
				62DA1B572ABDC2A2004FC2C8 /* Release */,
			);
			defaultConfigurationIsVisible = 0;
			defaultConfigurationName = Release;
		};
/* End XCConfigurationList section */

/* Begin XCRemoteSwiftPackageReference section */
		62DA1B582ABE09B5004FC2C8 /* XCRemoteSwiftPackageReference "lottie-spm" */ = {
			isa = XCRemoteSwiftPackageReference;
			repositoryURL = "https://github.com/airbnb/lottie-spm.git";
			requirement = {
				kind = upToNextMajorVersion;
				minimumVersion = 4.0.0;
			};
		};
/* End XCRemoteSwiftPackageReference section */

/* Begin XCSwiftPackageProductDependency section */
		62DA1B592ABE09B5004FC2C8 /* Lottie */ = {
			isa = XCSwiftPackageProductDependency;
			package = 62DA1B582ABE09B5004FC2C8 /* XCRemoteSwiftPackageReference "lottie-spm" */;
			productName = Lottie;
		};
/* End XCSwiftPackageProductDependency section */
	};
	rootObject = 62DA1B1D2ABDC29B004FC2C8 /* Project object */;
}
